// !$*UTF8*$!
{
	archiveVersion = 1;
	classes = {
	};
	objectVersion = 46;
	objects = {

/* Begin PBXBuildFile section */
		A4E8EE911B24B653000F0803 /* main.m in Sources */ = {isa = PBXBuildFile; fileRef = A4E8EE901B24B653000F0803 /* main.m */; };
		A4E8EE941B24B653000F0803 /* AppDelegate.m in Sources */ = {isa = PBXBuildFile; fileRef = A4E8EE931B24B653000F0803 /* AppDelegate.m */; };
		A4E8EE971B24B653000F0803 /* ViewController.m in Sources */ = {isa = PBXBuildFile; fileRef = A4E8EE961B24B653000F0803 /* ViewController.m */; };
		A4E8EE9A1B24B653000F0803 /* Main.storyboard in Resources */ = {isa = PBXBuildFile; fileRef = A4E8EE981B24B653000F0803 /* Main.storyboard */; };
		A4E8EE9C1B24B653000F0803 /* Images.xcassets in Resources */ = {isa = PBXBuildFile; fileRef = A4E8EE9B1B24B653000F0803 /* Images.xcassets */; };
		A4E8EE9F1B24B653000F0803 /* LaunchScreen.xib in Resources */ = {isa = PBXBuildFile; fileRef = A4E8EE9D1B24B653000F0803 /* LaunchScreen.xib */; };
		A4E8EEAB1B24B653000F0803 /* MyPartyAppTests.m in Sources */ = {isa = PBXBuildFile; fileRef = A4E8EEAA1B24B653000F0803 /* MyPartyAppTests.m */; };
/* End PBXBuildFile section */

/* Begin PBXContainerItemProxy section */
		A4E8EEA51B24B653000F0803 /* PBXContainerItemProxy */ = {
			isa = PBXContainerItemProxy;
			containerPortal = A4E8EE831B24B653000F0803 /* Project object */;
			proxyType = 1;
			remoteGlobalIDString = A4E8EE8A1B24B653000F0803;
			remoteInfo = MyPartyApp;
		};
/* End PBXContainerItemProxy section */

/* Begin PBXFileReference section */
		A4E8EE8B1B24B653000F0803 /* MyPartyApp.app */ = {isa = PBXFileReference; explicitFileType = wrapper.application; includeInIndex = 0; path = MyPartyApp.app; sourceTree = BUILT_PRODUCTS_DIR; };
		A4E8EE8F1B24B653000F0803 /* Info.plist */ = {isa = PBXFileReference; lastKnownFileType = text.plist.xml; path = Info.plist; sourceTree = "<group>"; };
		A4E8EE901B24B653000F0803 /* main.m */ = {isa = PBXFileReference; lastKnownFileType = sourcecode.c.objc; path = main.m; sourceTree = "<group>"; };
		A4E8EE921B24B653000F0803 /* AppDelegate.h */ = {isa = PBXFileReference; lastKnownFileType = sourcecode.c.h; path = AppDelegate.h; sourceTree = "<group>"; };
		A4E8EE931B24B653000F0803 /* AppDelegate.m */ = {isa = PBXFileReference; lastKnownFileType = sourcecode.c.objc; path = AppDelegate.m; sourceTree = "<group>"; };
		A4E8EE951B24B653000F0803 /* ViewController.h */ = {isa = PBXFileReference; lastKnownFileType = sourcecode.c.h; path = ViewController.h; sourceTree = "<group>"; };
		A4E8EE961B24B653000F0803 /* ViewController.m */ = {isa = PBXFileReference; lastKnownFileType = sourcecode.c.objc; path = ViewController.m; sourceTree = "<group>"; };
		A4E8EE991B24B653000F0803 /* Base */ = {isa = PBXFileReference; lastKnownFileType = file.storyboard; name = Base; path = Base.lproj/Main.storyboard; sourceTree = "<group>"; };
		A4E8EE9B1B24B653000F0803 /* Images.xcassets */ = {isa = PBXFileReference; lastKnownFileType = folder.assetcatalog; path = Images.xcassets; sourceTree = "<group>"; };
		A4E8EE9E1B24B653000F0803 /* Base */ = {isa = PBXFileReference; lastKnownFileType = file.xib; name = Base; path = Base.lproj/LaunchScreen.xib; sourceTree = "<group>"; };
		A4E8EEA41B24B653000F0803 /* MyPartyAppTests.xctest */ = {isa = PBXFileReference; explicitFileType = wrapper.cfbundle; includeInIndex = 0; path = MyPartyAppTests.xctest; sourceTree = BUILT_PRODUCTS_DIR; };
		A4E8EEA91B24B653000F0803 /* Info.plist */ = {isa = PBXFileReference; lastKnownFileType = text.plist.xml; path = Info.plist; sourceTree = "<group>"; };
		A4E8EEAA1B24B653000F0803 /* MyPartyAppTests.m */ = {isa = PBXFileReference; lastKnownFileType = sourcecode.c.objc; path = MyPartyAppTests.m; sourceTree = "<group>"; };
/* End PBXFileReference section */

/* Begin PBXFrameworksBuildPhase section */
		A4E8EE881B24B653000F0803 /* Frameworks */ = {
			isa = PBXFrameworksBuildPhase;
			buildActionMask = 2147483647;
			files = (
			);
			runOnlyForDeploymentPostprocessing = 0;
		};
		A4E8EEA11B24B653000F0803 /* Frameworks */ = {
			isa = PBXFrameworksBuildPhase;
			buildActionMask = 2147483647;
			files = (
			);
			runOnlyForDeploymentPostprocessing = 0;
		};
/* End PBXFrameworksBuildPhase section */

/* Begin PBXGroup section */
		A4E8EE821B24B653000F0803 = {
			isa = PBXGroup;
			children = (
				A4E8EE8D1B24B653000F0803 /* MyPartyApp */,
				A4E8EEA71B24B653000F0803 /* MyPartyAppTests */,
				A4E8EE8C1B24B653000F0803 /* Products */,
			);
			sourceTree = "<group>";
		};
		A4E8EE8C1B24B653000F0803 /* Products */ = {
			isa = PBXGroup;
			children = (
				A4E8EE8B1B24B653000F0803 /* MyPartyApp.app */,
				A4E8EEA41B24B653000F0803 /* MyPartyAppTests.xctest */,
			);
			name = Products;
			sourceTree = "<group>";
		};
		A4E8EE8D1B24B653000F0803 /* MyPartyApp */ = {
			isa = PBXGroup;
			children = (
				A4E8EE921B24B653000F0803 /* AppDelegate.h */,
				A4E8EE931B24B653000F0803 /* AppDelegate.m */,
				A4E8EE951B24B653000F0803 /* ViewController.h */,
				A4E8EE961B24B653000F0803 /* ViewController.m */,
				A4E8EE981B24B653000F0803 /* Main.storyboard */,
				A4E8EE9B1B24B653000F0803 /* Images.xcassets */,
				A4E8EE9D1B24B653000F0803 /* LaunchScreen.xib */,
				A4E8EE8E1B24B653000F0803 /* Supporting Files */,
			);
			path = MyPartyApp;
			sourceTree = "<group>";
		};
		A4E8EE8E1B24B653000F0803 /* Supporting Files */ = {
			isa = PBXGroup;
			children = (
				A4E8EE8F1B24B653000F0803 /* Info.plist */,
				A4E8EE901B24B653000F0803 /* main.m */,
			);
			name = "Supporting Files";
			sourceTree = "<group>";
		};
		A4E8EEA71B24B653000F0803 /* MyPartyAppTests */ = {
			isa = PBXGroup;
			children = (
				A4E8EEAA1B24B653000F0803 /* MyPartyAppTests.m */,
				A4E8EEA81B24B653000F0803 /* Supporting Files */,
			);
			path = MyPartyAppTests;
			sourceTree = "<group>";
		};
		A4E8EEA81B24B653000F0803 /* Supporting Files */ = {
			isa = PBXGroup;
			children = (
				A4E8EEA91B24B653000F0803 /* Info.plist */,
			);
			name = "Supporting Files";
			sourceTree = "<group>";
		};
/* End PBXGroup section */

/* Begin PBXNativeTarget section */
		A4E8EE8A1B24B653000F0803 /* MyPartyApp */ = {
			isa = PBXNativeTarget;
			buildConfigurationList = A4E8EEAE1B24B653000F0803 /* Build configuration list for PBXNativeTarget "MyPartyApp" */;
			buildPhases = (
				A4E8EE871B24B653000F0803 /* Sources */,
				A4E8EE881B24B653000F0803 /* Frameworks */,
				A4E8EE891B24B653000F0803 /* Resources */,
			);
			buildRules = (
			);
			dependencies = (
			);
			name = MyPartyApp;
			productName = MyPartyApp;
			productReference = A4E8EE8B1B24B653000F0803 /* MyPartyApp.app */;
			productType = "com.apple.product-type.application";
		};
		A4E8EEA31B24B653000F0803 /* MyPartyAppTests */ = {
			isa = PBXNativeTarget;
			buildConfigurationList = A4E8EEB11B24B653000F0803 /* Build configuration list for PBXNativeTarget "MyPartyAppTests" */;
			buildPhases = (
				A4E8EEA01B24B653000F0803 /* Sources */,
				A4E8EEA11B24B653000F0803 /* Frameworks */,
				A4E8EEA21B24B653000F0803 /* Resources */,
			);
			buildRules = (
			);
			dependencies = (
				A4E8EEA61B24B653000F0803 /* PBXTargetDependency */,
			);
			name = MyPartyAppTests;
			productName = MyPartyAppTests;
			productReference = A4E8EEA41B24B653000F0803 /* MyPartyAppTests.xctest */;
			productType = "com.apple.product-type.bundle.unit-test";
		};
/* End PBXNativeTarget section */

/* Begin PBXProject section */
		A4E8EE831B24B653000F0803 /* Project object */ = {
			isa = PBXProject;
			attributes = {
				LastUpgradeCheck = 0630;
				ORGANIZATIONNAME = "Kaisha Jones";
				TargetAttributes = {
					A4E8EE8A1B24B653000F0803 = {
						CreatedOnToolsVersion = 6.3.2;
					};
					A4E8EEA31B24B653000F0803 = {
						CreatedOnToolsVersion = 6.3.2;
						TestTargetID = A4E8EE8A1B24B653000F0803;
					};
				};
			};
			buildConfigurationList = A4E8EE861B24B653000F0803 /* Build configuration list for PBXProject "MyPartyApp" */;
			compatibilityVersion = "Xcode 3.2";
			developmentRegion = English;
			hasScannedForEncodings = 0;
			knownRegions = (
				en,
				Base,
			);
			mainGroup = A4E8EE821B24B653000F0803;
			productRefGroup = A4E8EE8C1B24B653000F0803 /* Products */;
			projectDirPath = "";
			projectRoot = "";
			targets = (
				A4E8EE8A1B24B653000F0803 /* MyPartyApp */,
				A4E8EEA31B24B653000F0803 /* MyPartyAppTests */,
			);
		};
/* End PBXProject section */

/* Begin PBXResourcesBuildPhase section */
		A4E8EE891B24B653000F0803 /* Resources */ = {
			isa = PBXResourcesBuildPhase;
			buildActionMask = 2147483647;
			files = (
				A4E8EE9A1B24B653000F0803 /* Main.storyboard in Resources */,
				A4E8EE9F1B24B653000F0803 /* LaunchScreen.xib in Resources */,
				A4E8EE9C1B24B653000F0803 /* Images.xcassets in Resources */,
			);
			runOnlyForDeploymentPostprocessing = 0;
		};
		A4E8EEA21B24B653000F0803 /* Resources */ = {
			isa = PBXResourcesBuildPhase;
			buildActionMask = 2147483647;
			files = (
			);
			runOnlyForDeploymentPostprocessing = 0;
		};
/* End PBXResourcesBuildPhase section */

/* Begin PBXSourcesBuildPhase section */
		A4E8EE871B24B653000F0803 /* Sources */ = {
			isa = PBXSourcesBuildPhase;
			buildActionMask = 2147483647;
			files = (
				A4E8EE971B24B653000F0803 /* ViewController.m in Sources */,
				A4E8EE941B24B653000F0803 /* AppDelegate.m in Sources */,
				A4E8EE911B24B653000F0803 /* main.m in Sources */,
			);
			runOnlyForDeploymentPostprocessing = 0;
		};
		A4E8EEA01B24B653000F0803 /* Sources */ = {
			isa = PBXSourcesBuildPhase;
			buildActionMask = 2147483647;
			files = (
				A4E8EEAB1B24B653000F0803 /* MyPartyAppTests.m in Sources */,
			);
			runOnlyForDeploymentPostprocessing = 0;
		};
/* End PBXSourcesBuildPhase section */

/* Begin PBXTargetDependency section */
		A4E8EEA61B24B653000F0803 /* PBXTargetDependency */ = {
			isa = PBXTargetDependency;
			target = A4E8EE8A1B24B653000F0803 /* MyPartyApp */;
			targetProxy = A4E8EEA51B24B653000F0803 /* PBXContainerItemProxy */;
		};
/* End PBXTargetDependency section */

/* Begin PBXVariantGroup section */
		A4E8EE981B24B653000F0803 /* Main.storyboard */ = {
			isa = PBXVariantGroup;
			children = (
				A4E8EE991B24B653000F0803 /* Base */,
			);
			name = Main.storyboard;
			sourceTree = "<group>";
		};
		A4E8EE9D1B24B653000F0803 /* LaunchScreen.xib */ = {
			isa = PBXVariantGroup;
			children = (
				A4E8EE9E1B24B653000F0803 /* Base */,
			);
			name = LaunchScreen.xib;
			sourceTree = "<group>";
		};
/* End PBXVariantGroup section */

/* Begin XCBuildConfiguration section */
		A4E8EEAC1B24B653000F0803 /* Debug */ = {
			isa = XCBuildConfiguration;
			buildSettings = {
				ALWAYS_SEARCH_USER_PATHS = NO;
				CLANG_CXX_LANGUAGE_STANDARD = "gnu++0x";
				CLANG_CXX_LIBRARY = "libc++";
				CLANG_ENABLE_MODULES = YES;
				CLANG_ENABLE_OBJC_ARC = YES;
				CLANG_WARN_BOOL_CONVERSION = YES;
				CLANG_WARN_CONSTANT_CONVERSION = YES;
				CLANG_WARN_DIRECT_OBJC_ISA_USAGE = YES_ERROR;
				CLANG_WARN_EMPTY_BODY = YES;
				CLANG_WARN_ENUM_CONVERSION = YES;
				CLANG_WARN_INT_CONVERSION = YES;
				CLANG_WARN_OBJC_ROOT_CLASS = YES_ERROR;
				CLANG_WARN_UNREACHABLE_CODE = YES;
				CLANG_WARN__DUPLICATE_METHOD_MATCH = YES;
				"CODE_SIGN_IDENTITY[sdk=iphoneos*]" = "iPhone Developer";
				COPY_PHASE_STRIP = NO;
				DEBUG_INFORMATION_FORMAT = "dwarf-with-dsym";
				ENABLE_STRICT_OBJC_MSGSEND = YES;
				GCC_C_LANGUAGE_STANDARD = gnu99;
				GCC_DYNAMIC_NO_PIC = NO;
				GCC_NO_COMMON_BLOCKS = YES;
				GCC_OPTIMIZATION_LEVEL = 0;
				GCC_PREPROCESSOR_DEFINITIONS = (
					"DEBUG=1",
					"$(inherited)",
				);
				GCC_SYMBOLS_PRIVATE_EXTERN = NO;
				GCC_WARN_64_TO_32_BIT_CONVERSION = YES;
				GCC_WARN_ABOUT_RETURN_TYPE = YES_ERROR;
				GCC_WARN_UNDECLARED_SELECTOR = YES;
				GCC_WARN_UNINITIALIZED_AUTOS = YES_AGGRESSIVE;
				GCC_WARN_UNUSED_FUNCTION = YES;
				GCC_WARN_UNUSED_VARIABLE = YES;
				IPHONEOS_DEPLOYMENT_TARGET = 8.3;
				MTL_ENABLE_DEBUG_INFO = YES;
				ONLY_ACTIVE_ARCH = YES;
				SDKROOT = iphoneos;
				TARGETED_DEVICE_FAMILY = "1,2";
			};
			name = Debug;
		};
		A4E8EEAD1B24B653000F0803 /* Release */ = {
			isa = XCBuildConfiguration;
			buildSettings = {
				ALWAYS_SEARCH_USER_PATHS = NO;
				CLANG_CXX_LANGUAGE_STANDARD = "gnu++0x";
				CLANG_CXX_LIBRARY = "libc++";
				CLANG_ENABLE_MODULES = YES;
				CLANG_ENABLE_OBJC_ARC = YES;
				CLANG_WARN_BOOL_CONVERSION = YES;
				CLANG_WARN_CONSTANT_CONVERSION = YES;
				CLANG_WARN_DIRECT_OBJC_ISA_USAGE = YES_ERROR;
				CLANG_WARN_EMPTY_BODY = YES;
				CLANG_WARN_ENUM_CONVERSION = YES;
				CLANG_WARN_INT_CONVERSION = YES;
				CLANG_WARN_OBJC_ROOT_CLASS = YES_ERROR;
				CLANG_WARN_UNREACHABLE_CODE = YES;
				CLANG_WARN__DUPLICATE_METHOD_MATCH = YES;
				"CODE_SIGN_IDENTITY[sdk=iphoneos*]" = "iPhone Developer";
				COPY_PHASE_STRIP = NO;
				DEBUG_INFORMATION_FORMAT = "dwarf-with-dsym";
				ENABLE_NS_ASSERTIONS = NO;
				ENABLE_STRICT_OBJC_MSGSEND = YES;
				GCC_C_LANGUAGE_STANDARD = gnu99;
				GCC_NO_COMMON_BLOCKS = YES;
				GCC_WARN_64_TO_32_BIT_CONVERSION = YES;
				GCC_WARN_ABOUT_RETURN_TYPE = YES_ERROR;
				GCC_WARN_UNDECLARED_SELECTOR = YES;
				GCC_WARN_UNINITIALIZED_AUTOS = YES_AGGRESSIVE;
				GCC_WARN_UNUSED_FUNCTION = YES;
				GCC_WARN_UNUSED_VARIABLE = YES;
				IPHONEOS_DEPLOYMENT_TARGET = 8.3;
				MTL_ENABLE_DEBUG_INFO = NO;
				SDKROOT = iphoneos;
				TARGETED_DEVICE_FAMILY = "1,2";
				VALIDATE_PRODUCT = YES;
			};
			name = Release;
		};
		A4E8EEAF1B24B653000F0803 /* Debug */ = {
			isa = XCBuildConfiguration;
			buildSettings = {
				ASSETCATALOG_COMPILER_APPICON_NAME = AppIcon;
				INFOPLIST_FILE = MyPartyApp/Info.plist;
				LD_RUNPATH_SEARCH_PATHS = "$(inherited) @executable_path/Frameworks";
				PRODUCT_NAME = "$(TARGET_NAME)";
			};
			name = Debug;
		};
		A4E8EEB01B24B653000F0803 /* Release */ = {
			isa = XCBuildConfiguration;
			buildSettings = {
				ASSETCATALOG_COMPILER_APPICON_NAME = AppIcon;
				INFOPLIST_FILE = MyPartyApp/Info.plist;
				LD_RUNPATH_SEARCH_PATHS = "$(inherited) @executable_path/Frameworks";
				PRODUCT_NAME = "$(TARGET_NAME)";
			};
			name = Release;
		};
		A4E8EEB21B24B653000F0803 /* Debug */ = {
			isa = XCBuildConfiguration;
			buildSettings = {
				BUNDLE_LOADER = "$(TEST_HOST)";
				FRAMEWORK_SEARCH_PATHS = (
					"$(SDKROOT)/Developer/Library/Frameworks",
					"$(inherited)",
				);
				GCC_PREPROCESSOR_DEFINITIONS = (
					"DEBUG=1",
					"$(inherited)",
				);
				INFOPLIST_FILE = MyPartyAppTests/Info.plist;
				LD_RUNPATH_SEARCH_PATHS = "$(inherited) @executable_path/Frameworks @loader_path/Frameworks";
				PRODUCT_NAME = "$(TARGET_NAME)";
				TEST_HOST = "$(BUILT_PRODUCTS_DIR)/MyPartyApp.app/MyPartyApp";
			};
			name = Debug;
		};
		A4E8EEB31B24B653000F0803 /* Release */ = {
			isa = XCBuildConfiguration;
			buildSettings = {
				BUNDLE_LOADER = "$(TEST_HOST)";
				FRAMEWORK_SEARCH_PATHS = (
					"$(SDKROOT)/Developer/Library/Frameworks",
					"$(inherited)",
				);
				INFOPLIST_FILE = MyPartyAppTests/Info.plist;
				LD_RUNPATH_SEARCH_PATHS = "$(inherited) @executable_path/Frameworks @loader_path/Frameworks";
				PRODUCT_NAME = "$(TARGET_NAME)";
				TEST_HOST = "$(BUILT_PRODUCTS_DIR)/MyPartyApp.app/MyPartyApp";
			};
			name = Release;
		};
/* End XCBuildConfiguration section */

/* Begin XCConfigurationList section */
		A4E8EE861B24B653000F0803 /* Build configuration list for PBXProject "MyPartyApp" */ = {
			isa = XCConfigurationList;
			buildConfigurations = (
				A4E8EEAC1B24B653000F0803 /* Debug */,
				A4E8EEAD1B24B653000F0803 /* Release */,
			);
			defaultConfigurationIsVisible = 0;
			defaultConfigurationName = Release;
		};
		A4E8EEAE1B24B653000F0803 /* Build configuration list for PBXNativeTarget "MyPartyApp" */ = {
			isa = XCConfigurationList;
			buildConfigurations = (
				A4E8EEAF1B24B653000F0803 /* Debug */,
				A4E8EEB01B24B653000F0803 /* Release */,
			);
			defaultConfigurationIsVisible = 0;
		};
		A4E8EEB11B24B653000F0803 /* Build configuration list for PBXNativeTarget "MyPartyAppTests" */ = {
			isa = XCConfigurationList;
			buildConfigurations = (
				A4E8EEB21B24B653000F0803 /* Debug */,
				A4E8EEB31B24B653000F0803 /* Release */,
			);
			defaultConfigurationIsVisible = 0;
		};
/* End XCConfigurationList section */
	};
	rootObject = A4E8EE831B24B653000F0803 /* Project object */;
}
